
Microsoft Visual Studio Solution File, Format Version 12.00
# Visual Studio Version 17
VisualStudioVersion = 17.13.35913.81
MinimumVisualStudioVersion = 10.0.40219.1
Project("{FAE04EC0-301F-11D3-BF4B-00C04F79EFBC}") = "TiposAnonimos", "TiposAnonimos\TiposAnonimos.csproj", "{12205C2B-513C-4CB8-812E-C0C1D74EDC42}"
EndProject
Project("{FAE04EC0-301F-11D3-BF4B-00C04F79EFBC}") = "Tupla", "Tupla\Tupla.csproj", "{599ED73E-8ECB-4978-A68B-7913EC24973C}"
EndProject
Global
	GlobalSection(SolutionConfigurationPlatforms) = preSolution
		Debug|Any CPU = Debug|Any CPU
		Release|Any CPU = Release|Any CPU
	EndGlobalSection
	GlobalSection(ProjectConfigurationPlatforms) = postSolution
		{12205C2B-513C-4CB8-812E-C0C1D74EDC42}.Debug|Any CPU.ActiveCfg = Debug|Any CPU
		{12205C2B-513C-4CB8-812E-C0C1D74EDC42}.Debug|Any CPU.Build.0 = Debug|Any CPU
		{12205C2B-513C-4CB8-812E-C0C1D74EDC42}.Release|Any CPU.ActiveCfg = Release|Any CPU
		{12205C2B-513C-4CB8-812E-C0C1D74EDC42}.Release|Any CPU.Build.0 = Release|Any CPU
		{599ED73E-8ECB-4978-A68B-7913EC24973C}.Debug|Any CPU.ActiveCfg = Debug|Any CPU
		{599ED73E-8ECB-4978-A68B-7913EC24973C}.Debug|Any CPU.Build.0 = Debug|Any CPU
		{599ED73E-8ECB-4978-A68B-7913EC24973C}.Release|Any CPU.ActiveCfg = Release|Any CPU
		{599ED73E-8ECB-4978-A68B-7913EC24973C}.Release|Any CPU.Build.0 = Release|Any CPU
	EndGlobalSection
	GlobalSection(SolutionProperties) = preSolution
		HideSolutionNode = FALSE
	EndGlobalSection
	GlobalSection(ExtensibilityGlobals) = postSolution
		SolutionGuid = {9E23DA29-0DA6-4358-BC80-12FF5273A2C7}
	EndGlobalSection
EndGlobal
